bou.ke/monkey v1.0.1 h1:zEMLInw9xvNakzUUPjfS4Ds6jYPqCFx3m7bRmG5NH2U=
bou.ke/monkey v1.0.1/go.mod h1:FgHuK96Rv2Nlf+0u1OOVDpCMdsWyOFmeeketDHE7LIg=
github.com/BurntSushi/toml v0.3.0/go.mod h1:xHWCNGjB5oqiDr8zfno3MHue2Ht5sIBksp03qcyfWMU=
github.com/ChimeraCoder/gojson v1.0.0/go.mod h1:nYbTQlu6hv8PETM15J927yM0zGj3njIldp72UT1MqSw=
github.com/bouk/monkey v1.0.1 h1:82kWEtyEjyfkRZb0DaQ5+7O5dJfe3GzF/o97+yUo5d0=
github.com/bouk/monkey v1.0.1/go.mod h1:PG/63f4XEUlVyW1ttIeOJmJhhe1+t9EC/je3eTjvFhE=
github.com/davecgh/go-spew v1.1.1 h1:vj9j/u1bqnvCEfJOwUhtlOARqs3+rkHYY13jYWTU97c=
github.com/davecgh/go-spew v1.1.1/go.mod h1:J7Y8YcW2NihsgmVo/mv3lAwl/skON4iLHjSsI+c5H38=
github.com/jimsmart/schema v0.0.0-20180301031804-ca2c94866fa6 h1:kb2St+21a11s+Dz46iZjHuYI8IWkBvtIiQrQsHRPyBg=
github.com/jimsmart/schema v0.0.0-20180301031804-ca2c94866fa6/go.mod h1:s402qSZ/H+MBuvTa9BDxzA8jKJKLOyNEZg9/YZF2C0M=
github.com/jinzhu/inflection v0.0.0-20180308033659-04140366298a h1:eeaG9XMUvRBYXJi4pg1ZKM7nxc5AfXfojeLLW7O5J3k=
github.com/jinzhu/inflection v0.0.0-20180308033659-04140366298a/go.mod h1:h+uFLlag+Qp1Va5pdKtLDYj+kHp5pxUVkryuEj+Srlc=
github.com/magiconair/properties v1.8.0/go.mod h1:PppfXfuXeibc/6YijjN8zIbojt8czPbwD3XqdrwzmxQ=
github.com/mnhkahn/gogogo v1.0.5 h1:r9BXV678U49F6V1oEUQw9fAHqv4BvnwBglZbWz0xseA=
github.com/mnhkahn/gogogo v1.0.5/go.mod h1:jopU4lOd5ppIv0wtiabplx20xsg+SA+m+BkLFh6Jk14=
github.com/pmezard/go-difflib v1.0.0 h1:4DBwDE0NGyQoBHbLQYPwSUPoCMWR5BEzIk/f1lZbAQM=
github.com/pmezard/go-difflib v1.0.0/go.mod h1:iKH77koFhYxTK1pcRnkKkqfTogsbg7gZNVY4sRDYZ/4=
github.com/sasbury/mini v0.0.0-20161224193750-64bd399395db/go.mod h1:yOzd9gzygiw8QvoQeezToFEojl93FdFfDD2d64ZV6u8=
github.com/serenize/snaker v0.0.0-20171204205717-a683aaf2d516 h1:ofR1ZdrNSkiWcMsRrubK9tb2/SlZVWttAfqUjJi6QYc=
github.com/serenize/snaker v0.0.0-20171204205717-a683aaf2d516/go.mod h1:Yow6lPLSAXx2ifx470yD/nUe22Dv5vBvxK/UK9UUTVs=
github.com/smallnest/gen v0.0.0-20180913104330-62560eebea28 h1:0SmIZLR/M71dc9aVlEQ37QdRILt/DZ+VdLrpmtznU9E=
github.com/smallnest/gen v0.0.0-20180913104330-62560eebea28/go.mod h1:5wJ5DGDc9Os3BuSVph1hciJKdbkF15mcHsuYQBapz0U=
github.com/stretchr/testify v1.2.2 h1:bSDNvY7ZPG5RlJ8otE/7V6gMiyenm9RtJ7IUVIAoJ1w=
github.com/stretchr/testify v1.2.2/go.mod h1:a8OnRcib4nhh0OaRAV+Yts87kKdq0PP7pXfy6kDkUVs=
github.com/xwb1989/sqlparser v0.0.0-20180606152119-120387863bf2 h1:zzrxE1FKn5ryBNl9eKOeqQ58Y/Qpo3Q9QNxKHX5uzzQ=
github.com/xwb1989/sqlparser v0.0.0-20180606152119-120387863bf2/go.mod h1:hzfGeIUDq/j97IG+FhNqkowIyEcD88LrW6fyU3K3WqY=
golang.org/x/net v0.0.0-20180826012351-8a410e7b638d/go.mod h1:mL1N/T3taQHkDXs73rZJwtUhF3w3ftmwwsq0BUmARs4=
gopkg.in/check.v1 v0.0.0-20161208181325-20d25e280405/go.mod h1:Co6ibVJAznAaIkqp8huTwlJQCZ016jof/cbN4VW5Yz0=
gopkg.in/natefinch/lumberjack.v2 v2.0.0-20170531160350-a96e63847dc3 h1:AFxeG48hTWHhDTQDk/m2gorfVHUEa9vo3tp3D7TzwjI=
gopkg.in/natefinch/lumberjack.v2 v2.0.0-20170531160350-a96e63847dc3/go.mod h1:l0ndWWf7gzL7RNwBG7wST/UCcT4T24xpD6X8LsfU/+k=
gopkg.in/yaml.v2 v2.2.1/go.mod h1:hI93XBmqTisBFMUTm0b8Fm+jr3Dg1NNxqwp+5A1VGuI=
